
Microsoft Visual Studio Solution File, Format Version 12.00
# Visual Studio Version 16
VisualStudioVersion = 16.0.30413.136
MinimumVisualStudioVersion = 10.0.40219.1
Project("{FAE04EC0-301F-11D3-BF4B-00C04F79EFBC}") = "CS2WPF", "CS2WPF\CS2WPF.csproj", "{CA3BBA40-2B18-4DB7-8DAA-84BD6CF565DA}"
EndProject
Global
	GlobalSection(SolutionConfigurationPlatforms) = preSolution
		Debug|Any CPU = Debug|Any CPU
		Release|Any CPU = Release|Any CPU
	EndGlobalSection
	GlobalSection(ProjectConfigurationPlatforms) = postSolution
		{CA3BBA40-2B18-4DB7-8DAA-84BD6CF565DA}.Debug|Any CPU.ActiveCfg = Debug|Any CPU
		{CA3BBA40-2B18-4DB7-8DAA-84BD6CF565DA}.Debug|Any CPU.Build.0 = Debug|Any CPU
		{CA3BBA40-2B18-4DB7-8DAA-84BD6CF565DA}.Release|Any CPU.ActiveCfg = Release|Any CPU
		{CA3BBA40-2B18-4DB7-8DAA-84BD6CF565DA}.Release|Any CPU.Build.0 = Release|Any CPU
	EndGlobalSection
	GlobalSection(SolutionProperties) = preSolution
		HideSolutionNode = FALSE
	EndGlobalSection
	GlobalSection(ExtensibilityGlobals) = postSolution
		SolutionGuid = {84C72CC3-E5C8-40D6-8A74-DFE683CE8425}
	EndGlobalSection
EndGlobal
